
Microsoft Visual Studio Solution File, Format Version 12.00
# Visual Studio Version 16
VisualStudioVersion = 16.0.30309.148
MinimumVisualStudioVersion = 10.0.40219.1
Project("{FAE04EC0-301F-11D3-BF4B-00C04F79EFBC}") = "App", "src\App\App.csproj", "{131D2491-1BD6-4499-AFC2-AE9BF4FE46C8}"
EndProject
Project("{FAE04EC0-301F-11D3-BF4B-00C04F79EFBC}") = "Business", "src\Business\Business.csproj", "{ADF113DA-1707-44F1-83D9-9B792236ACA3}"
EndProject
Project("{FAE04EC0-301F-11D3-BF4B-00C04F79EFBC}") = "Data", "src\Data\Data.csproj", "{6E48E652-4257-4718-8E0D-5A35576F4ECF}"
EndProject
Global
	GlobalSection(SolutionConfigurationPlatforms) = preSolution
		Debug|Any CPU = Debug|Any CPU
		Release|Any CPU = Release|Any CPU
	EndGlobalSection
	GlobalSection(ProjectConfigurationPlatforms) = postSolution
		{131D2491-1BD6-4499-AFC2-AE9BF4FE46C8}.Debug|Any CPU.ActiveCfg = Debug|Any CPU
		{131D2491-1BD6-4499-AFC2-AE9BF4FE46C8}.Debug|Any CPU.Build.0 = Debug|Any CPU
		{131D2491-1BD6-4499-AFC2-AE9BF4FE46C8}.Release|Any CPU.ActiveCfg = Release|Any CPU
		{131D2491-1BD6-4499-AFC2-AE9BF4FE46C8}.Release|Any CPU.Build.0 = Release|Any CPU
		{ADF113DA-1707-44F1-83D9-9B792236ACA3}.Debug|Any CPU.ActiveCfg = Debug|Any CPU
		{ADF113DA-1707-44F1-83D9-9B792236ACA3}.Debug|Any CPU.Build.0 = Debug|Any CPU
		{ADF113DA-1707-44F1-83D9-9B792236ACA3}.Release|Any CPU.ActiveCfg = Release|Any CPU
		{ADF113DA-1707-44F1-83D9-9B792236ACA3}.Release|Any CPU.Build.0 = Release|Any CPU
		{6E48E652-4257-4718-8E0D-5A35576F4ECF}.Debug|Any CPU.ActiveCfg = Debug|Any CPU
		{6E48E652-4257-4718-8E0D-5A35576F4ECF}.Debug|Any CPU.Build.0 = Debug|Any CPU
		{6E48E652-4257-4718-8E0D-5A35576F4ECF}.Release|Any CPU.ActiveCfg = Release|Any CPU
		{6E48E652-4257-4718-8E0D-5A35576F4ECF}.Release|Any CPU.Build.0 = Release|Any CPU
	EndGlobalSection
	GlobalSection(SolutionProperties) = preSolution
		HideSolutionNode = FALSE
	EndGlobalSection
	GlobalSection(ExtensibilityGlobals) = postSolution
		SolutionGuid = {9D23338A-3345-4DA4-9A03-26301F63679F}
	EndGlobalSection
EndGlobal
